
Microsoft Visual Studio Solution File, Format Version 12.00
# Visual Studio Version 16
VisualStudioVersion = 16.0.30907.101
MinimumVisualStudioVersion = 10.0.40219.1
Project("{9A19103F-16F7-4668-BE54-9A1E7A4F7556}") = "laba3_apl", "laba3\laba3_apl.csproj", "{0578ADBE-D782-434B-82F0-68E9B321A7A3}"
EndProject
Global
	GlobalSection(SolutionConfigurationPlatforms) = preSolution
		Debug|Any CPU = Debug|Any CPU
		Release|Any CPU = Release|Any CPU
	EndGlobalSection
	GlobalSection(ProjectConfigurationPlatforms) = postSolution
		{0578ADBE-D782-434B-82F0-68E9B321A7A3}.Debug|Any CPU.ActiveCfg = Debug|Any CPU
		{0578ADBE-D782-434B-82F0-68E9B321A7A3}.Debug|Any CPU.Build.0 = Debug|Any CPU
		{0578ADBE-D782-434B-82F0-68E9B321A7A3}.Release|Any CPU.ActiveCfg = Release|Any CPU
		{0578ADBE-D782-434B-82F0-68E9B321A7A3}.Release|Any CPU.Build.0 = Release|Any CPU
	EndGlobalSection
	GlobalSection(SolutionProperties) = preSolution
		HideSolutionNode = FALSE
	EndGlobalSection
	GlobalSection(ExtensibilityGlobals) = postSolution
		SolutionGuid = {C6518F12-DC8B-45A4-808F-15B0BD767689}
	EndGlobalSection
EndGlobal
